
Microsoft Visual Studio Solution File, Format Version 12.00
# Visual Studio Version 17
VisualStudioVersion = 17.9.34622.214
MinimumVisualStudioVersion = 10.0.40219.1
Project("{FAE04EC0-301F-11D3-BF4B-00C04F79EFBC}") = "WebAPI", "WebAPI\WebAPI.csproj", "{A376F0D2-0804-464A-85E6-68533B9FF757}"
EndProject
Project("{FAE04EC0-301F-11D3-BF4B-00C04F79EFBC}") = "Entity", "Entity\Entity.csproj", "{8B0BE585-AD72-4616-AEDC-50F4E667E55F}"
EndProject
Project("{FAE04EC0-301F-11D3-BF4B-00C04F79EFBC}") = "Core", "Core\Core.csproj", "{DD690E01-816F-4B66-BAAB-792A895949D4}"
EndProject
Project("{FAE04EC0-301F-11D3-BF4B-00C04F79EFBC}") = "DataAccess", "DataAccess\DataAccess.csproj", "{8F2FBB40-CC6F-4252-87DF-769AACD78899}"
EndProject
Project("{FAE04EC0-301F-11D3-BF4B-00C04F79EFBC}") = "Business", "Business\Business.csproj", "{5FA0D044-13EA-4956-A884-CCC264888DF6}"
EndProject
Global
	GlobalSection(SolutionConfigurationPlatforms) = preSolution
		Debug|Any CPU = Debug|Any CPU
		Release|Any CPU = Release|Any CPU
	EndGlobalSection
	GlobalSection(ProjectConfigurationPlatforms) = postSolution
		{A376F0D2-0804-464A-85E6-68533B9FF757}.Debug|Any CPU.ActiveCfg = Debug|Any CPU
		{A376F0D2-0804-464A-85E6-68533B9FF757}.Debug|Any CPU.Build.0 = Debug|Any CPU
		{A376F0D2-0804-464A-85E6-68533B9FF757}.Release|Any CPU.ActiveCfg = Release|Any CPU
		{A376F0D2-0804-464A-85E6-68533B9FF757}.Release|Any CPU.Build.0 = Release|Any CPU
		{8B0BE585-AD72-4616-AEDC-50F4E667E55F}.Debug|Any CPU.ActiveCfg = Debug|Any CPU
		{8B0BE585-AD72-4616-AEDC-50F4E667E55F}.Debug|Any CPU.Build.0 = Debug|Any CPU
		{8B0BE585-AD72-4616-AEDC-50F4E667E55F}.Release|Any CPU.ActiveCfg = Release|Any CPU
		{8B0BE585-AD72-4616-AEDC-50F4E667E55F}.Release|Any CPU.Build.0 = Release|Any CPU
		{DD690E01-816F-4B66-BAAB-792A895949D4}.Debug|Any CPU.ActiveCfg = Debug|Any CPU
		{DD690E01-816F-4B66-BAAB-792A895949D4}.Debug|Any CPU.Build.0 = Debug|Any CPU
		{DD690E01-816F-4B66-BAAB-792A895949D4}.Release|Any CPU.ActiveCfg = Release|Any CPU
		{DD690E01-816F-4B66-BAAB-792A895949D4}.Release|Any CPU.Build.0 = Release|Any CPU
		{8F2FBB40-CC6F-4252-87DF-769AACD78899}.Debug|Any CPU.ActiveCfg = Debug|Any CPU
		{8F2FBB40-CC6F-4252-87DF-769AACD78899}.Debug|Any CPU.Build.0 = Debug|Any CPU
		{8F2FBB40-CC6F-4252-87DF-769AACD78899}.Release|Any CPU.ActiveCfg = Release|Any CPU
		{8F2FBB40-CC6F-4252-87DF-769AACD78899}.Release|Any CPU.Build.0 = Release|Any CPU
		{5FA0D044-13EA-4956-A884-CCC264888DF6}.Debug|Any CPU.ActiveCfg = Debug|Any CPU
		{5FA0D044-13EA-4956-A884-CCC264888DF6}.Debug|Any CPU.Build.0 = Debug|Any CPU
		{5FA0D044-13EA-4956-A884-CCC264888DF6}.Release|Any CPU.ActiveCfg = Release|Any CPU
		{5FA0D044-13EA-4956-A884-CCC264888DF6}.Release|Any CPU.Build.0 = Release|Any CPU
	EndGlobalSection
	GlobalSection(SolutionProperties) = preSolution
		HideSolutionNode = FALSE
	EndGlobalSection
	GlobalSection(ExtensibilityGlobals) = postSolution
		SolutionGuid = {349C5E17-3FD9-4C35-9CD8-C31E4C63400F}
	EndGlobalSection
EndGlobal
